
Microsoft Visual Studio Solution File, Format Version 12.00
# Visual Studio 15
VisualStudioVersion = 15.0.28307.757
MinimumVisualStudioVersion = 10.0.40219.1
Project("{FAE04EC0-301F-11D3-BF4B-00C04F79EFBC}") = "HelloWorld", "HelloWorld\HelloWorld.csproj", "{1D30A6DA-6832-4E5A-8568-9DBC6557EDBE}"
EndProject
Global
	GlobalSection(SolutionConfigurationPlatforms) = preSolution
		Debug|Any CPU = Debug|Any CPU
		Release|Any CPU = Release|Any CPU
	EndGlobalSection
	GlobalSection(ProjectConfigurationPlatforms) = postSolution
		{1D30A6DA-6832-4E5A-8568-9DBC6557EDBE}.Debug|Any CPU.ActiveCfg = Debug|Any CPU
		{1D30A6DA-6832-4E5A-8568-9DBC6557EDBE}.Debug|Any CPU.Build.0 = Debug|Any CPU
		{1D30A6DA-6832-4E5A-8568-9DBC6557EDBE}.Release|Any CPU.ActiveCfg = Release|Any CPU
		{1D30A6DA-6832-4E5A-8568-9DBC6557EDBE}.Release|Any CPU.Build.0 = Release|Any CPU
	EndGlobalSection
	GlobalSection(SolutionProperties) = preSolution
		HideSolutionNode = FALSE
	EndGlobalSection
	GlobalSection(ExtensibilityGlobals) = postSolution
		SolutionGuid = {0C70E839-4875-4840-8F7E-65FFF8F69199}
	EndGlobalSection
EndGlobal
